// !$*UTF8*$!
{
	archiveVersion = 1;
	classes = {
	};
	objectVersion = 56;
	objects = {

/* Begin PBXBuildFile section */
		40411291297B016000B40C48 /* NewsAPI.swift in Sources */ = {isa = PBXBuildFile; fileRef = 40411290297B016000B40C48 /* NewsAPI.swift */; };
		40411293297B06E900B40C48 /* NewsModel.swift in Sources */ = {isa = PBXBuildFile; fileRef = 40411292297B06E900B40C48 /* NewsModel.swift */; };
		40411295297B085200B40C48 /* NewsProvider.swift in Sources */ = {isa = PBXBuildFile; fileRef = 40411294297B085200B40C48 /* NewsProvider.swift */; };
		40411298297B391900B40C48 /* NewsViewController.swift in Sources */ = {isa = PBXBuildFile; fileRef = 40411296297B391900B40C48 /* NewsViewController.swift */; };
		40411299297B391900B40C48 /* NewsViewController.xib in Resources */ = {isa = PBXBuildFile; fileRef = 40411297297B391900B40C48 /* NewsViewController.xib */; };
		4041129E297B39F100B40C48 /* NewsCell.swift in Sources */ = {isa = PBXBuildFile; fileRef = 4041129C297B39F100B40C48 /* NewsCell.swift */; };
		4041129F297B39F100B40C48 /* NewsCell.xib in Resources */ = {isa = PBXBuildFile; fileRef = 4041129D297B39F100B40C48 /* NewsCell.xib */; };
		404112A2297B480700B40C48 /* PresentedNewsController.swift in Sources */ = {isa = PBXBuildFile; fileRef = 404112A0297B480700B40C48 /* PresentedNewsController.swift */; };
		404112A3297B480700B40C48 /* PresentedNewsController.xib in Resources */ = {isa = PBXBuildFile; fileRef = 404112A1297B480700B40C48 /* PresentedNewsController.xib */; };
		409EDB03297708790087FBB3 /* FilialsAPI.swift in Sources */ = {isa = PBXBuildFile; fileRef = 409EDB02297708790087FBB3 /* FilialsAPI.swift */; };
		409EDB05297708840087FBB3 /* FilialModel.swift in Sources */ = {isa = PBXBuildFile; fileRef = 409EDB04297708840087FBB3 /* FilialModel.swift */; };
		409EDB072977088F0087FBB3 /* FilialProvider.swift in Sources */ = {isa = PBXBuildFile; fileRef = 409EDB062977088F0087FBB3 /* FilialProvider.swift */; };
		409EDB0B297716360087FBB3 /* FilterCell.swift in Sources */ = {isa = PBXBuildFile; fileRef = 409EDB09297716360087FBB3 /* FilterCell.swift */; };
		409EDB0C297716360087FBB3 /* FilterCell.xib in Resources */ = {isa = PBXBuildFile; fileRef = 409EDB0A297716360087FBB3 /* FilterCell.xib */; };
		409EDB122977166D0087FBB3 /* CityCell.swift in Sources */ = {isa = PBXBuildFile; fileRef = 409EDB102977166D0087FBB3 /* CityCell.swift */; };
		409EDB132977166D0087FBB3 /* CityCell.xib in Resources */ = {isa = PBXBuildFile; fileRef = 409EDB112977166D0087FBB3 /* CityCell.xib */; };
		409EDB1629771CE40087FBB3 /* FilterButtonsEnum.swift in Sources */ = {isa = PBXBuildFile; fileRef = 409EDB1529771CE40087FBB3 /* FilterButtonsEnum.swift */; };
		40DE9BC22979A3B200FB3ACC /* IngotViewController.swift in Sources */ = {isa = PBXBuildFile; fileRef = 40DE9BC02979A3B200FB3ACC /* IngotViewController.swift */; };
		40DE9BC32979A3B200FB3ACC /* IngotViewController.xib in Resources */ = {isa = PBXBuildFile; fileRef = 40DE9BC12979A3B200FB3ACC /* IngotViewController.xib */; };
		40DE9BC72979A40900FB3ACC /* StonesViewController.swift in Sources */ = {isa = PBXBuildFile; fileRef = 40DE9BC52979A40900FB3ACC /* StonesViewController.swift */; };
		40DE9BC82979A40900FB3ACC /* StonesViewController.xib in Resources */ = {isa = PBXBuildFile; fileRef = 40DE9BC62979A40900FB3ACC /* StonesViewController.xib */; };
		40DE9BCB2979A50700FB3ACC /* GemAPI.swift in Sources */ = {isa = PBXBuildFile; fileRef = 40DE9BCA2979A50700FB3ACC /* GemAPI.swift */; };
		40DE9BCD2979A69E00FB3ACC /* GemModels.swift in Sources */ = {isa = PBXBuildFile; fileRef = 40DE9BCC2979A69D00FB3ACC /* GemModels.swift */; };
		40DE9BCF2979A6B400FB3ACC /* GemProvider.swift in Sources */ = {isa = PBXBuildFile; fileRef = 40DE9BCE2979A6B400FB3ACC /* GemProvider.swift */; };
		40DE9BD32979B20400FB3ACC /* StoneCell.swift in Sources */ = {isa = PBXBuildFile; fileRef = 40DE9BD12979B20400FB3ACC /* StoneCell.swift */; };
		40DE9BD42979B20400FB3ACC /* StoneCell.xib in Resources */ = {isa = PBXBuildFile; fileRef = 40DE9BD22979B20400FB3ACC /* StoneCell.xib */; };
		40DE9BD82979B9CE00FB3ACC /* IngotCell.swift in Sources */ = {isa = PBXBuildFile; fileRef = 40DE9BD62979B9CE00FB3ACC /* IngotCell.swift */; };
		40DE9BD92979B9CE00FB3ACC /* IngotCell.xib in Resources */ = {isa = PBXBuildFile; fileRef = 40DE9BD72979B9CE00FB3ACC /* IngotCell.xib */; };
		40EA83022976FFB700510DE4 /* AppDelegate.swift in Sources */ = {isa = PBXBuildFile; fileRef = 40EA83012976FFB700510DE4 /* AppDelegate.swift */; };
		40EA83042976FFB700510DE4 /* SceneDelegate.swift in Sources */ = {isa = PBXBuildFile; fileRef = 40EA83032976FFB700510DE4 /* SceneDelegate.swift */; };
		40EA83092976FFB700510DE4 /* Main.storyboard in Resources */ = {isa = PBXBuildFile; fileRef = 40EA83072976FFB700510DE4 /* Main.storyboard */; };
		40EA830B2976FFB800510DE4 /* Assets.xcassets in Resources */ = {isa = PBXBuildFile; fileRef = 40EA830A2976FFB800510DE4 /* Assets.xcassets */; };
		40EA830E2976FFB800510DE4 /* LaunchScreen.storyboard in Resources */ = {isa = PBXBuildFile; fileRef = 40EA830C2976FFB800510DE4 /* LaunchScreen.storyboard */; };
		40EA83172977014000510DE4 /* TabBarController.swift in Sources */ = {isa = PBXBuildFile; fileRef = 40EA83162977014000510DE4 /* TabBarController.swift */; };
		40EA831B2977019C00510DE4 /* MapController.swift in Sources */ = {isa = PBXBuildFile; fileRef = 40EA83192977019C00510DE4 /* MapController.swift */; };
		40EA831C2977019C00510DE4 /* MapController.xib in Resources */ = {isa = PBXBuildFile; fileRef = 40EA831A2977019C00510DE4 /* MapController.xib */; };
		9228FA7A9DAF014DF8CC91A9 /* Pods_BankApp.framework in Frameworks */ = {isa = PBXBuildFile; fileRef = D1C3A46B05C92FACE3DD8E70 /* Pods_BankApp.framework */; };
/* End PBXBuildFile section */

/* Begin PBXFileReference section */
		36C4C40621253A85840CABAD /* Pods-BankApp.debug.xcconfig */ = {isa = PBXFileReference; includeInIndex = 1; lastKnownFileType = text.xcconfig; name = "Pods-BankApp.debug.xcconfig"; path = "Target Support Files/Pods-BankApp/Pods-BankApp.debug.xcconfig"; sourceTree = "<group>"; };
		40411290297B016000B40C48 /* NewsAPI.swift */ = {isa = PBXFileReference; lastKnownFileType = sourcecode.swift; path = NewsAPI.swift; sourceTree = "<group>"; };
		40411292297B06E900B40C48 /* NewsModel.swift */ = {isa = PBXFileReference; lastKnownFileType = sourcecode.swift; path = NewsModel.swift; sourceTree = "<group>"; };
		40411294297B085200B40C48 /* NewsProvider.swift */ = {isa = PBXFileReference; lastKnownFileType = sourcecode.swift; path = NewsProvider.swift; sourceTree = "<group>"; };
		40411296297B391900B40C48 /* NewsViewController.swift */ = {isa = PBXFileReference; lastKnownFileType = sourcecode.swift; path = NewsViewController.swift; sourceTree = "<group>"; };
		40411297297B391900B40C48 /* NewsViewController.xib */ = {isa = PBXFileReference; lastKnownFileType = file.xib; path = NewsViewController.xib; sourceTree = "<group>"; };
		4041129C297B39F100B40C48 /* NewsCell.swift */ = {isa = PBXFileReference; lastKnownFileType = sourcecode.swift; path = NewsCell.swift; sourceTree = "<group>"; };
		4041129D297B39F100B40C48 /* NewsCell.xib */ = {isa = PBXFileReference; lastKnownFileType = file.xib; path = NewsCell.xib; sourceTree = "<group>"; };
		404112A0297B480700B40C48 /* PresentedNewsController.swift */ = {isa = PBXFileReference; lastKnownFileType = sourcecode.swift; path = PresentedNewsController.swift; sourceTree = "<group>"; };
		404112A1297B480700B40C48 /* PresentedNewsController.xib */ = {isa = PBXFileReference; lastKnownFileType = file.xib; path = PresentedNewsController.xib; sourceTree = "<group>"; };
		409EDB02297708790087FBB3 /* FilialsAPI.swift */ = {isa = PBXFileReference; lastKnownFileType = sourcecode.swift; path = FilialsAPI.swift; sourceTree = "<group>"; };
		409EDB04297708840087FBB3 /* FilialModel.swift */ = {isa = PBXFileReference; lastKnownFileType = sourcecode.swift; path = FilialModel.swift; sourceTree = "<group>"; };
		409EDB062977088F0087FBB3 /* FilialProvider.swift */ = {isa = PBXFileReference; lastKnownFileType = sourcecode.swift; path = FilialProvider.swift; sourceTree = "<group>"; };
		409EDB09297716360087FBB3 /* FilterCell.swift */ = {isa = PBXFileReference; lastKnownFileType = sourcecode.swift; path = FilterCell.swift; sourceTree = "<group>"; };
		409EDB0A297716360087FBB3 /* FilterCell.xib */ = {isa = PBXFileReference; lastKnownFileType = file.xib; path = FilterCell.xib; sourceTree = "<group>"; };
		409EDB102977166D0087FBB3 /* CityCell.swift */ = {isa = PBXFileReference; lastKnownFileType = sourcecode.swift; path = CityCell.swift; sourceTree = "<group>"; };
		409EDB112977166D0087FBB3 /* CityCell.xib */ = {isa = PBXFileReference; lastKnownFileType = file.xib; path = CityCell.xib; sourceTree = "<group>"; };
		409EDB1529771CE40087FBB3 /* FilterButtonsEnum.swift */ = {isa = PBXFileReference; lastKnownFileType = sourcecode.swift; path = FilterButtonsEnum.swift; sourceTree = "<group>"; };
		40DE9BC02979A3B200FB3ACC /* IngotViewController.swift */ = {isa = PBXFileReference; lastKnownFileType = sourcecode.swift; path = IngotViewController.swift; sourceTree = "<group>"; };
		40DE9BC12979A3B200FB3ACC /* IngotViewController.xib */ = {isa = PBXFileReference; lastKnownFileType = file.xib; path = IngotViewController.xib; sourceTree = "<group>"; };
		40DE9BC52979A40900FB3ACC /* StonesViewController.swift */ = {isa = PBXFileReference; lastKnownFileType = sourcecode.swift; path = StonesViewController.swift; sourceTree = "<group>"; };
		40DE9BC62979A40900FB3ACC /* StonesViewController.xib */ = {isa = PBXFileReference; lastKnownFileType = file.xib; path = StonesViewController.xib; sourceTree = "<group>"; };
		40DE9BCA2979A50700FB3ACC /* GemAPI.swift */ = {isa = PBXFileReference; lastKnownFileType = sourcecode.swift; path = GemAPI.swift; sourceTree = "<group>"; };
		40DE9BCC2979A69D00FB3ACC /* GemModels.swift */ = {isa = PBXFileReference; lastKnownFileType = sourcecode.swift; path = GemModels.swift; sourceTree = "<group>"; };
		40DE9BCE2979A6B400FB3ACC /* GemProvider.swift */ = {isa = PBXFileReference; lastKnownFileType = sourcecode.swift; path = GemProvider.swift; sourceTree = "<group>"; };
		40DE9BD12979B20400FB3ACC /* StoneCell.swift */ = {isa = PBXFileReference; lastKnownFileType = sourcecode.swift; path = StoneCell.swift; sourceTree = "<group>"; };
		40DE9BD22979B20400FB3ACC /* StoneCell.xib */ = {isa = PBXFileReference; lastKnownFileType = file.xib; path = StoneCell.xib; sourceTree = "<group>"; };
		40DE9BD62979B9CE00FB3ACC /* IngotCell.swift */ = {isa = PBXFileReference; lastKnownFileType = sourcecode.swift; path = IngotCell.swift; sourceTree = "<group>"; };
		40DE9BD72979B9CE00FB3ACC /* IngotCell.xib */ = {isa = PBXFileReference; lastKnownFileType = file.xib; path = IngotCell.xib; sourceTree = "<group>"; };
		40EA82FE2976FFB700510DE4 /* BankApp.app */ = {isa = PBXFileReference; explicitFileType = wrapper.application; includeInIndex = 0; path = BankApp.app; sourceTree = BUILT_PRODUCTS_DIR; };
		40EA83012976FFB700510DE4 /* AppDelegate.swift */ = {isa = PBXFileReference; lastKnownFileType = sourcecode.swift; path = AppDelegate.swift; sourceTree = "<group>"; };
		40EA83032976FFB700510DE4 /* SceneDelegate.swift */ = {isa = PBXFileReference; lastKnownFileType = sourcecode.swift; path = SceneDelegate.swift; sourceTree = "<group>"; };
		40EA83082976FFB700510DE4 /* Base */ = {isa = PBXFileReference; lastKnownFileType = file.storyboard; name = Base; path = Base.lproj/Main.storyboard; sourceTree = "<group>"; };
		40EA830A2976FFB800510DE4 /* Assets.xcassets */ = {isa = PBXFileReference; lastKnownFileType = folder.assetcatalog; path = Assets.xcassets; sourceTree = "<group>"; };
		40EA830D2976FFB800510DE4 /* Base */ = {isa = PBXFileReference; lastKnownFileType = file.storyboard; name = Base; path = Base.lproj/LaunchScreen.storyboard; sourceTree = "<group>"; };
		40EA830F2976FFB800510DE4 /* Info.plist */ = {isa = PBXFileReference; lastKnownFileType = text.plist.xml; path = Info.plist; sourceTree = "<group>"; };
		40EA83162977014000510DE4 /* TabBarController.swift */ = {isa = PBXFileReference; lastKnownFileType = sourcecode.swift; path = TabBarController.swift; sourceTree = "<group>"; };
		40EA83192977019C00510DE4 /* MapController.swift */ = {isa = PBXFileReference; lastKnownFileType = sourcecode.swift; path = MapController.swift; sourceTree = "<group>"; };
		40EA831A2977019C00510DE4 /* MapController.xib */ = {isa = PBXFileReference; lastKnownFileType = file.xib; path = MapController.xib; sourceTree = "<group>"; };
		C65A4F9E90A8DAA46039910E /* Pods-BankApp.release.xcconfig */ = {isa = PBXFileReference; includeInIndex = 1; lastKnownFileType = text.xcconfig; name = "Pods-BankApp.release.xcconfig"; path = "Target Support Files/Pods-BankApp/Pods-BankApp.release.xcconfig"; sourceTree = "<group>"; };
		D1C3A46B05C92FACE3DD8E70 /* Pods_BankApp.framework */ = {isa = PBXFileReference; explicitFileType = wrapper.framework; includeInIndex = 0; path = Pods_BankApp.framework; sourceTree = BUILT_PRODUCTS_DIR; };
/* End PBXFileReference section */

/* Begin PBXFrameworksBuildPhase section */
		40EA82FB2976FFB700510DE4 /* Frameworks */ = {
			isa = PBXFrameworksBuildPhase;
			buildActionMask = 2147483647;
			files = (
				9228FA7A9DAF014DF8CC91A9 /* Pods_BankApp.framework in Frameworks */,
			);
			runOnlyForDeploymentPostprocessing = 0;
		};
/* End PBXFrameworksBuildPhase section */

/* Begin PBXGroup section */
		215B106A57467697F4EFB1F8 /* Pods */ = {
			isa = PBXGroup;
			children = (
				36C4C40621253A85840CABAD /* Pods-BankApp.debug.xcconfig */,
				C65A4F9E90A8DAA46039910E /* Pods-BankApp.release.xcconfig */,
			);
			path = Pods;
			sourceTree = "<group>";
		};
		4041128F297B014B00B40C48 /* NewsApiSets */ = {
			isa = PBXGroup;
			children = (
				40411290297B016000B40C48 /* NewsAPI.swift */,
				40411292297B06E900B40C48 /* NewsModel.swift */,
				40411294297B085200B40C48 /* NewsProvider.swift */,
			);
			path = NewsApiSets;
			sourceTree = "<group>";
		};
		4041129A297B391D00B40C48 /* NewsController */ = {
			isa = PBXGroup;
			children = (
				4041129B297B39D600B40C48 /* NewsCell */,
				40411296297B391900B40C48 /* NewsViewController.swift */,
				40411297297B391900B40C48 /* NewsViewController.xib */,
			);
			path = NewsController;
			sourceTree = "<group>";
		};
		4041129B297B39D600B40C48 /* NewsCell */ = {
			isa = PBXGroup;
			children = (
				4041129C297B39F100B40C48 /* NewsCell.swift */,
				4041129D297B39F100B40C48 /* NewsCell.xib */,
			);
			path = NewsCell;
			sourceTree = "<group>";
		};
		404112A4297B480B00B40C48 /* PresentedController */ = {
			isa = PBXGroup;
			children = (
				404112A0297B480700B40C48 /* PresentedNewsController.swift */,
				404112A1297B480700B40C48 /* PresentedNewsController.xib */,
			);
			path = PresentedController;
			sourceTree = "<group>";
		};
		409EDB01297708600087FBB3 /* FilialApiSets */ = {
			isa = PBXGroup;
			children = (
				409EDB02297708790087FBB3 /* FilialsAPI.swift */,
				409EDB04297708840087FBB3 /* FilialModel.swift */,
				409EDB062977088F0087FBB3 /* FilialProvider.swift */,
			);
			path = FilialApiSets;
			sourceTree = "<group>";
		};
		409EDB082977161B0087FBB3 /* Cells */ = {
			isa = PBXGroup;
			children = (
				409EDB0D2977163D0087FBB3 /* FilterCell */,
				409EDB14297716730087FBB3 /* CityCell */,
			);
			path = Cells;
			sourceTree = "<group>";
		};
		409EDB0D2977163D0087FBB3 /* FilterCell */ = {
			isa = PBXGroup;
			children = (
				409EDB09297716360087FBB3 /* FilterCell.swift */,
				409EDB0A297716360087FBB3 /* FilterCell.xib */,
				409EDB1529771CE40087FBB3 /* FilterButtonsEnum.swift */,
			);
			path = FilterCell;
			sourceTree = "<group>";
		};
		409EDB14297716730087FBB3 /* CityCell */ = {
			isa = PBXGroup;
			children = (
				409EDB102977166D0087FBB3 /* CityCell.swift */,
				409EDB112977166D0087FBB3 /* CityCell.xib */,
			);
			path = CityCell;
			sourceTree = "<group>";
		};
		40DE9BC42979A3B800FB3ACC /* IngotController */ = {
			isa = PBXGroup;
			children = (
				40DE9BD52979B9C000FB3ACC /* Cell */,
				40DE9BC02979A3B200FB3ACC /* IngotViewController.swift */,
				40DE9BC12979A3B200FB3ACC /* IngotViewController.xib */,
			);
			path = IngotController;
			sourceTree = "<group>";
		};
		40DE9BC92979A4EC00FB3ACC /* GemApiSets */ = {
			isa = PBXGroup;
			children = (
				40DE9BCA2979A50700FB3ACC /* GemAPI.swift */,
				40DE9BCC2979A69D00FB3ACC /* GemModels.swift */,
				40DE9BCE2979A6B400FB3ACC /* GemProvider.swift */,
			);
			path = GemApiSets;
			sourceTree = "<group>";
		};
		40DE9BD02979B1EE00FB3ACC /* Cell */ = {
			isa = PBXGroup;
			children = (
				40DE9BD12979B20400FB3ACC /* StoneCell.swift */,
				40DE9BD22979B20400FB3ACC /* StoneCell.xib */,
			);
			path = Cell;
			sourceTree = "<group>";
		};
		40DE9BD52979B9C000FB3ACC /* Cell */ = {
			isa = PBXGroup;
			children = (
				40DE9BD62979B9CE00FB3ACC /* IngotCell.swift */,
				40DE9BD72979B9CE00FB3ACC /* IngotCell.xib */,
			);
			path = Cell;
			sourceTree = "<group>";
		};
		40EA82F52976FFB700510DE4 = {
			isa = PBXGroup;
			children = (
				40EA83002976FFB700510DE4 /* BankApp */,
				40EA82FF2976FFB700510DE4 /* Products */,
				215B106A57467697F4EFB1F8 /* Pods */,
				F570AF4100571998AA51C10D /* Frameworks */,
			);
			sourceTree = "<group>";
		};
		40EA82FF2976FFB700510DE4 /* Products */ = {
			isa = PBXGroup;
			children = (
				40EA82FE2976FFB700510DE4 /* BankApp.app */,
			);
			name = Products;
			sourceTree = "<group>";
		};
		40EA83002976FFB700510DE4 /* BankApp */ = {
			isa = PBXGroup;
			children = (
				409EDB01297708600087FBB3 /* FilialApiSets */,
				40DE9BC92979A4EC00FB3ACC /* GemApiSets */,
				4041128F297B014B00B40C48 /* NewsApiSets */,
				40EA83152977011B00510DE4 /* Controllers */,
				40EA83032976FFB700510DE4 /* SceneDelegate.swift */,
				40EA83012976FFB700510DE4 /* AppDelegate.swift */,
				40EA83072976FFB700510DE4 /* Main.storyboard */,
				40EA830C2976FFB800510DE4 /* LaunchScreen.storyboard */,
				40EA830A2976FFB800510DE4 /* Assets.xcassets */,
				40EA830F2976FFB800510DE4 /* Info.plist */,
			);
			path = BankApp;
			sourceTree = "<group>";
		};
		40EA83152977011B00510DE4 /* Controllers */ = {
			isa = PBXGroup;
			children = (
				40EA83182977014500510DE4 /* TabBar */,
				40EA831D297701A000510DE4 /* MapController */,
				40EA83262977020400510DE4 /* StonesController */,
				40DE9BC42979A3B800FB3ACC /* IngotController */,
				4041129A297B391D00B40C48 /* NewsController */,
				404112A4297B480B00B40C48 /* PresentedController */,
			);
			path = Controllers;
			sourceTree = "<group>";
		};
		40EA83182977014500510DE4 /* TabBar */ = {
			isa = PBXGroup;
			children = (
				40EA83162977014000510DE4 /* TabBarController.swift */,
			);
			path = TabBar;
			sourceTree = "<group>";
		};
		40EA831D297701A000510DE4 /* MapController */ = {
			isa = PBXGroup;
			children = (
				409EDB082977161B0087FBB3 /* Cells */,
				40EA83192977019C00510DE4 /* MapController.swift */,
				40EA831A2977019C00510DE4 /* MapController.xib */,
			);
			path = MapController;
			sourceTree = "<group>";
		};
		40EA83262977020400510DE4 /* StonesController */ = {
			isa = PBXGroup;
			children = (
				40DE9BD02979B1EE00FB3ACC /* Cell */,
				40DE9BC52979A40900FB3ACC /* StonesViewController.swift */,
				40DE9BC62979A40900FB3ACC /* StonesViewController.xib */,
			);
			path = StonesController;
			sourceTree = "<group>";
		};
		F570AF4100571998AA51C10D /* Frameworks */ = {
			isa = PBXGroup;
			children = (
				D1C3A46B05C92FACE3DD8E70 /* Pods_BankApp.framework */,
			);
			name = Frameworks;
			sourceTree = "<group>";
		};
/* End PBXGroup section */

/* Begin PBXNativeTarget section */
		40EA82FD2976FFB700510DE4 /* BankApp */ = {
			isa = PBXNativeTarget;
			buildConfigurationList = 40EA83122976FFB800510DE4 /* Build configuration list for PBXNativeTarget "BankApp" */;
			buildPhases = (
				D758F00503E7A2C5E3B08757 /* [CP] Check Pods Manifest.lock */,
				40EA82FA2976FFB700510DE4 /* Sources */,
				40EA82FB2976FFB700510DE4 /* Frameworks */,
				40EA82FC2976FFB700510DE4 /* Resources */,
				AADCBCAF8F220AFABF533F55 /* [CP] Embed Pods Frameworks */,
				17301AB6CAA9D0BA1921FEC8 /* [CP] Copy Pods Resources */,
			);
			buildRules = (
			);
			dependencies = (
			);
			name = BankApp;
			productName = BankApp;
			productReference = 40EA82FE2976FFB700510DE4 /* BankApp.app */;
			productType = "com.apple.product-type.application";
		};
/* End PBXNativeTarget section */

/* Begin PBXProject section */
		40EA82F62976FFB700510DE4 /* Project object */ = {
			isa = PBXProject;
			attributes = {
				BuildIndependentTargetsInParallel = 1;
				LastSwiftUpdateCheck = 1420;
				LastUpgradeCheck = 1420;
				TargetAttributes = {
					40EA82FD2976FFB700510DE4 = {
						CreatedOnToolsVersion = 14.2;
					};
				};
			};
			buildConfigurationList = 40EA82F92976FFB700510DE4 /* Build configuration list for PBXProject "BankApp" */;
			compatibilityVersion = "Xcode 14.0";
			developmentRegion = en;
			hasScannedForEncodings = 0;
			knownRegions = (
				en,
				Base,
			);
			mainGroup = 40EA82F52976FFB700510DE4;
			productRefGroup = 40EA82FF2976FFB700510DE4 /* Products */;
			projectDirPath = "";
			projectRoot = "";
			targets = (
				40EA82FD2976FFB700510DE4 /* BankApp */,
			);
		};
/* End PBXProject section */

/* Begin PBXResourcesBuildPhase section */
		40EA82FC2976FFB700510DE4 /* Resources */ = {
			isa = PBXResourcesBuildPhase;
			buildActionMask = 2147483647;
			files = (
				40DE9BC32979A3B200FB3ACC /* IngotViewController.xib in Resources */,
				40EA831C2977019C00510DE4 /* MapController.xib in Resources */,
				40411299297B391900B40C48 /* NewsViewController.xib in Resources */,
				409EDB132977166D0087FBB3 /* CityCell.xib in Resources */,
				40EA830E2976FFB800510DE4 /* LaunchScreen.storyboard in Resources */,
				40DE9BC82979A40900FB3ACC /* StonesViewController.xib in Resources */,
				4041129F297B39F100B40C48 /* NewsCell.xib in Resources */,
				40DE9BD92979B9CE00FB3ACC /* IngotCell.xib in Resources */,
				40DE9BD42979B20400FB3ACC /* StoneCell.xib in Resources */,
				404112A3297B480700B40C48 /* PresentedNewsController.xib in Resources */,
				40EA830B2976FFB800510DE4 /* Assets.xcassets in Resources */,
				409EDB0C297716360087FBB3 /* FilterCell.xib in Resources */,
				40EA83092976FFB700510DE4 /* Main.storyboard in Resources */,
			);
			runOnlyForDeploymentPostprocessing = 0;
		};
/* End PBXResourcesBuildPhase section */

/* Begin PBXShellScriptBuildPhase section */
		17301AB6CAA9D0BA1921FEC8 /* [CP] Copy Pods Resources */ = {
			isa = PBXShellScriptBuildPhase;
			buildActionMask = 2147483647;
			files = (
			);
			inputFileListPaths = (
				"${PODS_ROOT}/Target Support Files/Pods-BankApp/Pods-BankApp-resources-${CONFIGURATION}-input-files.xcfilelist",
			);
			name = "[CP] Copy Pods Resources";
			outputFileListPaths = (
				"${PODS_ROOT}/Target Support Files/Pods-BankApp/Pods-BankApp-resources-${CONFIGURATION}-output-files.xcfilelist",
			);
			runOnlyForDeploymentPostprocessing = 0;
			shellPath = /bin/sh;
			shellScript = "\"${PODS_ROOT}/Target Support Files/Pods-BankApp/Pods-BankApp-resources.sh\"\n";
			showEnvVarsInLog = 0;
		};
		AADCBCAF8F220AFABF533F55 /* [CP] Embed Pods Frameworks */ = {
			isa = PBXShellScriptBuildPhase;
			buildActionMask = 2147483647;
			files = (
			);
			inputFileListPaths = (
				"${PODS_ROOT}/Target Support Files/Pods-BankApp/Pods-BankApp-frameworks-${CONFIGURATION}-input-files.xcfilelist",
			);
			name = "[CP] Embed Pods Frameworks";
			outputFileListPaths = (
				"${PODS_ROOT}/Target Support Files/Pods-BankApp/Pods-BankApp-frameworks-${CONFIGURATION}-output-files.xcfilelist",
			);
			runOnlyForDeploymentPostprocessing = 0;
			shellPath = /bin/sh;
			shellScript = "\"${PODS_ROOT}/Target Support Files/Pods-BankApp/Pods-BankApp-frameworks.sh\"\n";
			showEnvVarsInLog = 0;
		};
		D758F00503E7A2C5E3B08757 /* [CP] Check Pods Manifest.lock */ = {
			isa = PBXShellScriptBuildPhase;
			buildActionMask = 2147483647;
			files = (
			);
			inputFileListPaths = (
			);
			inputPaths = (
				"${PODS_PODFILE_DIR_PATH}/Podfile.lock",
				"${PODS_ROOT}/Manifest.lock",
			);
			name = "[CP] Check Pods Manifest.lock";
			outputFileListPaths = (
			);
			outputPaths = (
				"$(DERIVED_FILE_DIR)/Pods-BankApp-checkManifestLockResult.txt",
			);
			runOnlyForDeploymentPostprocessing = 0;
			shellPath = /bin/sh;
			shellScript = "diff \"${PODS_PODFILE_DIR_PATH}/Podfile.lock\" \"${PODS_ROOT}/Manifest.lock\" > /dev/null\nif [ $? != 0 ] ; then\n    # print error to STDERR\n    echo \"error: The sandbox is not in sync with the Podfile.lock. Run 'pod install' or update your CocoaPods installation.\" >&2\n    exit 1\nfi\n# This output is used by Xcode 'outputs' to avoid re-running this script phase.\necho \"SUCCESS\" > \"${SCRIPT_OUTPUT_FILE_0}\"\n";
			showEnvVarsInLog = 0;
		};
/* End PBXShellScriptBuildPhase section */

/* Begin PBXSourcesBuildPhase section */
		40EA82FA2976FFB700510DE4 /* Sources */ = {
			isa = PBXSourcesBuildPhase;
			buildActionMask = 2147483647;
			files = (
				40EA831B2977019C00510DE4 /* MapController.swift in Sources */,
				40DE9BCD2979A69E00FB3ACC /* GemModels.swift in Sources */,
				40DE9BD82979B9CE00FB3ACC /* IngotCell.swift in Sources */,
				409EDB1629771CE40087FBB3 /* FilterButtonsEnum.swift in Sources */,
				40DE9BD32979B20400FB3ACC /* StoneCell.swift in Sources */,
				40411295297B085200B40C48 /* NewsProvider.swift in Sources */,
				409EDB03297708790087FBB3 /* FilialsAPI.swift in Sources */,
				409EDB122977166D0087FBB3 /* CityCell.swift in Sources */,
				40DE9BC72979A40900FB3ACC /* StonesViewController.swift in Sources */,
				40411293297B06E900B40C48 /* NewsModel.swift in Sources */,
				4041129E297B39F100B40C48 /* NewsCell.swift in Sources */,
				40DE9BCF2979A6B400FB3ACC /* GemProvider.swift in Sources */,
				409EDB072977088F0087FBB3 /* FilialProvider.swift in Sources */,
				40EA83172977014000510DE4 /* TabBarController.swift in Sources */,
				40411291297B016000B40C48 /* NewsAPI.swift in Sources */,
				40EA83022976FFB700510DE4 /* AppDelegate.swift in Sources */,
				40DE9BC22979A3B200FB3ACC /* IngotViewController.swift in Sources */,
				40EA83042976FFB700510DE4 /* SceneDelegate.swift in Sources */,
				409EDB0B297716360087FBB3 /* FilterCell.swift in Sources */,
				404112A2297B480700B40C48 /* PresentedNewsController.swift in Sources */,
				40411298297B391900B40C48 /* NewsViewController.swift in Sources */,
				40DE9BCB2979A50700FB3ACC /* GemAPI.swift in Sources */,
				409EDB05297708840087FBB3 /* FilialModel.swift in Sources */,
			);
			runOnlyForDeploymentPostprocessing = 0;
		};
/* End PBXSourcesBuildPhase section */

/* Begin PBXVariantGroup section */
		40EA83072976FFB700510DE4 /* Main.storyboard */ = {
			isa = PBXVariantGroup;
			children = (
				40EA83082976FFB700510DE4 /* Base */,
			);
			name = Main.storyboard;
			sourceTree = "<group>";
		};
		40EA830C2976FFB800510DE4 /* LaunchScreen.storyboard */ = {
			isa = PBXVariantGroup;
			children = (
				40EA830D2976FFB800510DE4 /* Base */,
			);
			name = LaunchScreen.storyboard;
			sourceTree = "<group>";
		};
/* End PBXVariantGroup section */

/* Begin XCBuildConfiguration section */
		40EA83102976FFB800510DE4 /* Debug */ = {
			isa = XCBuildConfiguration;
			buildSettings = {
				ALWAYS_SEARCH_USER_PATHS = NO;
				CLANG_ANALYZER_NONNULL = YES;
				CLANG_ANALYZER_NUMBER_OBJECT_CONVERSION = YES_AGGRESSIVE;
				CLANG_CXX_LANGUAGE_STANDARD = "gnu++20";
				CLANG_ENABLE_MODULES = YES;
				CLANG_ENABLE_OBJC_ARC = YES;
				CLANG_ENABLE_OBJC_WEAK = YES;
				CLANG_WARN_BLOCK_CAPTURE_AUTORELEASING = YES;
				CLANG_WARN_BOOL_CONVERSION = YES;
				CLANG_WARN_COMMA = YES;
				CLANG_WARN_CONSTANT_CONVERSION = YES;
				CLANG_WARN_DEPRECATED_OBJC_IMPLEMENTATIONS = YES;
				CLANG_WARN_DIRECT_OBJC_ISA_USAGE = YES_ERROR;
				CLANG_WARN_DOCUMENTATION_COMMENTS = YES;
				CLANG_WARN_EMPTY_BODY = YES;
				CLANG_WARN_ENUM_CONVERSION = YES;
				CLANG_WARN_INFINITE_RECURSION = YES;
				CLANG_WARN_INT_CONVERSION = YES;
				CLANG_WARN_NON_LITERAL_NULL_CONVERSION = YES;
				CLANG_WARN_OBJC_IMPLICIT_RETAIN_SELF = YES;
				CLANG_WARN_OBJC_LITERAL_CONVERSION = YES;
				CLANG_WARN_OBJC_ROOT_CLASS = YES_ERROR;
				CLANG_WARN_QUOTED_INCLUDE_IN_FRAMEWORK_HEADER = YES;
				CLANG_WARN_RANGE_LOOP_ANALYSIS = YES;
				CLANG_WARN_STRICT_PROTOTYPES = YES;
				CLANG_WARN_SUSPICIOUS_MOVE = YES;
				CLANG_WARN_UNGUARDED_AVAILABILITY = YES_AGGRESSIVE;
				CLANG_WARN_UNREACHABLE_CODE = YES;
				CLANG_WARN__DUPLICATE_METHOD_MATCH = YES;
				COPY_PHASE_STRIP = NO;
				DEBUG_INFORMATION_FORMAT = dwarf;
				ENABLE_STRICT_OBJC_MSGSEND = YES;
				ENABLE_TESTABILITY = YES;
				GCC_C_LANGUAGE_STANDARD = gnu11;
				GCC_DYNAMIC_NO_PIC = NO;
				GCC_NO_COMMON_BLOCKS = YES;
				GCC_OPTIMIZATION_LEVEL = 0;
				GCC_PREPROCESSOR_DEFINITIONS = (
					"DEBUG=1",
					"$(inherited)",
				);
				GCC_WARN_64_TO_32_BIT_CONVERSION = YES;
				GCC_WARN_ABOUT_RETURN_TYPE = YES_ERROR;
				GCC_WARN_UNDECLARED_SELECTOR = YES;
				GCC_WARN_UNINITIALIZED_AUTOS = YES_AGGRESSIVE;
				GCC_WARN_UNUSED_FUNCTION = YES;
				GCC_WARN_UNUSED_VARIABLE = YES;
				IPHONEOS_DEPLOYMENT_TARGET = 16.2;
				MTL_ENABLE_DEBUG_INFO = INCLUDE_SOURCE;
				MTL_FAST_MATH = YES;
				ONLY_ACTIVE_ARCH = YES;
				SDKROOT = iphoneos;
				SWIFT_ACTIVE_COMPILATION_CONDITIONS = DEBUG;
				SWIFT_OPTIMIZATION_LEVEL = "-Onone";
			};
			name = Debug;
		};
		40EA83112976FFB800510DE4 /* Release */ = {
			isa = XCBuildConfiguration;
			buildSettings = {
				ALWAYS_SEARCH_USER_PATHS = NO;
				CLANG_ANALYZER_NONNULL = YES;
				CLANG_ANALYZER_NUMBER_OBJECT_CONVERSION = YES_AGGRESSIVE;
				CLANG_CXX_LANGUAGE_STANDARD = "gnu++20";
				CLANG_ENABLE_MODULES = YES;
				CLANG_ENABLE_OBJC_ARC = YES;
				CLANG_ENABLE_OBJC_WEAK = YES;
				CLANG_WARN_BLOCK_CAPTURE_AUTORELEASING = YES;
				CLANG_WARN_BOOL_CONVERSION = YES;
				CLANG_WARN_COMMA = YES;
				CLANG_WARN_CONSTANT_CONVERSION = YES;
				CLANG_WARN_DEPRECATED_OBJC_IMPLEMENTATIONS = YES;
				CLANG_WARN_DIRECT_OBJC_ISA_USAGE = YES_ERROR;
				CLANG_WARN_DOCUMENTATION_COMMENTS = YES;
				CLANG_WARN_EMPTY_BODY = YES;
				CLANG_WARN_ENUM_CONVERSION = YES;
				CLANG_WARN_INFINITE_RECURSION = YES;
				CLANG_WARN_INT_CONVERSION = YES;
				CLANG_WARN_NON_LITERAL_NULL_CONVERSION = YES;
				CLANG_WARN_OBJC_IMPLICIT_RETAIN_SELF = YES;
				CLANG_WARN_OBJC_LITERAL_CONVERSION = YES;
				CLANG_WARN_OBJC_ROOT_CLASS = YES_ERROR;
				CLANG_WARN_QUOTED_INCLUDE_IN_FRAMEWORK_HEADER = YES;
				CLANG_WARN_RANGE_LOOP_ANALYSIS = YES;
				CLANG_WARN_STRICT_PROTOTYPES = YES;
				CLANG_WARN_SUSPICIOUS_MOVE = YES;
				CLANG_WARN_UNGUARDED_AVAILABILITY = YES_AGGRESSIVE;
				CLANG_WARN_UNREACHABLE_CODE = YES;
				CLANG_WARN__DUPLICATE_METHOD_MATCH = YES;
				COPY_PHASE_STRIP = NO;
				DEBUG_INFORMATION_FORMAT = "dwarf-with-dsym";
				ENABLE_NS_ASSERTIONS = NO;
				ENABLE_STRICT_OBJC_MSGSEND = YES;
				GCC_C_LANGUAGE_STANDARD = gnu11;
				GCC_NO_COMMON_BLOCKS = YES;
				GCC_WARN_64_TO_32_BIT_CONVERSION = YES;
				GCC_WARN_ABOUT_RETURN_TYPE = YES_ERROR;
				GCC_WARN_UNDECLARED_SELECTOR = YES;
				GCC_WARN_UNINITIALIZED_AUTOS = YES_AGGRESSIVE;
				GCC_WARN_UNUSED_FUNCTION = YES;
				GCC_WARN_UNUSED_VARIABLE = YES;
				IPHONEOS_DEPLOYMENT_TARGET = 16.2;
				MTL_ENABLE_DEBUG_INFO = NO;
				MTL_FAST_MATH = YES;
				SDKROOT = iphoneos;
				SWIFT_COMPILATION_MODE = wholemodule;
				SWIFT_OPTIMIZATION_LEVEL = "-O";
				VALIDATE_PRODUCT = YES;
			};
			name = Release;
		};
		40EA83132976FFB800510DE4 /* Debug */ = {
			isa = XCBuildConfiguration;
			baseConfigurationReference = 36C4C40621253A85840CABAD /* Pods-BankApp.debug.xcconfig */;
			buildSettings = {
				ASSETCATALOG_COMPILER_APPICON_NAME = AppIcon;
				ASSETCATALOG_COMPILER_GLOBAL_ACCENT_COLOR_NAME = AccentColor;
				CODE_SIGN_STYLE = Automatic;
				CURRENT_PROJECT_VERSION = 1;
				DEVELOPMENT_TEAM = 526TNP28LN;
				GENERATE_INFOPLIST_FILE = YES;
				INFOPLIST_FILE = BankApp/Info.plist;
				INFOPLIST_KEY_UIApplicationSupportsIndirectInputEvents = YES;
				INFOPLIST_KEY_UILaunchStoryboardName = LaunchScreen;
				INFOPLIST_KEY_UIMainStoryboardFile = Main;
				INFOPLIST_KEY_UISupportedInterfaceOrientations_iPad = "UIInterfaceOrientationPortrait UIInterfaceOrientationPortraitUpsideDown UIInterfaceOrientationLandscapeLeft UIInterfaceOrientationLandscapeRight";
				INFOPLIST_KEY_UISupportedInterfaceOrientations_iPhone = "UIInterfaceOrientationPortrait UIInterfaceOrientationLandscapeLeft UIInterfaceOrientationLandscapeRight";
				IPHONEOS_DEPLOYMENT_TARGET = 16.1;
				LD_RUNPATH_SEARCH_PATHS = (
					"$(inherited)",
					"@executable_path/Frameworks",
				);
				MARKETING_VERSION = 1.0;
				PRODUCT_BUNDLE_IDENTIFIER = MolJ.BankApp;
				PRODUCT_NAME = "$(TARGET_NAME)";
				SWIFT_EMIT_LOC_STRINGS = YES;
				SWIFT_VERSION = 5.0;
				TARGETED_DEVICE_FAMILY = "1,2";
			};
			name = Debug;
		};
		40EA83142976FFB800510DE4 /* Release */ = {
			isa = XCBuildConfiguration;
			baseConfigurationReference = C65A4F9E90A8DAA46039910E /* Pods-BankApp.release.xcconfig */;
			buildSettings = {
				ASSETCATALOG_COMPILER_APPICON_NAME = AppIcon;
				ASSETCATALOG_COMPILER_GLOBAL_ACCENT_COLOR_NAME = AccentColor;
				CODE_SIGN_STYLE = Automatic;
				CURRENT_PROJECT_VERSION = 1;
				DEVELOPMENT_TEAM = 526TNP28LN;
				GENERATE_INFOPLIST_FILE = YES;
				INFOPLIST_FILE = BankApp/Info.plist;
				INFOPLIST_KEY_UIApplicationSupportsIndirectInputEvents = YES;
				INFOPLIST_KEY_UILaunchStoryboardName = LaunchScreen;
				INFOPLIST_KEY_UIMainStoryboardFile = Main;
				INFOPLIST_KEY_UISupportedInterfaceOrientations_iPad = "UIInterfaceOrientationPortrait UIInterfaceOrientationPortraitUpsideDown UIInterfaceOrientationLandscapeLeft UIInterfaceOrientationLandscapeRight";
				INFOPLIST_KEY_UISupportedInterfaceOrientations_iPhone = "UIInterfaceOrientationPortrait UIInterfaceOrientationLandscapeLeft UIInterfaceOrientationLandscapeRight";
				IPHONEOS_DEPLOYMENT_TARGET = 16.1;
				LD_RUNPATH_SEARCH_PATHS = (
					"$(inherited)",
					"@executable_path/Frameworks",
				);
				MARKETING_VERSION = 1.0;
				PRODUCT_BUNDLE_IDENTIFIER = MolJ.BankApp;
				PRODUCT_NAME = "$(TARGET_NAME)";
				SWIFT_EMIT_LOC_STRINGS = YES;
				SWIFT_VERSION = 5.0;
				TARGETED_DEVICE_FAMILY = "1,2";
			};
			name = Release;
		};
/* End XCBuildConfiguration section */

/* Begin XCConfigurationList section */
		40EA82F92976FFB700510DE4 /* Build configuration list for PBXProject "BankApp" */ = {
			isa = XCConfigurationList;
			buildConfigurations = (
				40EA83102976FFB800510DE4 /* Debug */,
				40EA83112976FFB800510DE4 /* Release */,
			);
			defaultConfigurationIsVisible = 0;
			defaultConfigurationName = Release;
		};
		40EA83122976FFB800510DE4 /* Build configuration list for PBXNativeTarget "BankApp" */ = {
			isa = XCConfigurationList;
			buildConfigurations = (
				40EA83132976FFB800510DE4 /* Debug */,
				40EA83142976FFB800510DE4 /* Release */,
			);
			defaultConfigurationIsVisible = 0;
			defaultConfigurationName = Release;
		};
/* End XCConfigurationList section */
	};
	rootObject = 40EA82F62976FFB700510DE4 /* Project object */;
}
